
Microsoft Visual Studio Solution File, Format Version 12.00
# Visual Studio 14
VisualStudioVersion = 14.0.25420.1
MinimumVisualStudioVersion = 10.0.40219.1
Project("{2150E333-8FDC-42A3-9474-1A3956D46DE8}") = "src", "src", "{EA62FB3E-788E-4791-90AA-DE742250E4EF}"
EndProject
Project("{2150E333-8FDC-42A3-9474-1A3956D46DE8}") = "Solution Items", "Solution Items", "{B612FEE0-0197-4E1F-9470-EC13A5611454}"
	ProjectSection(SolutionItems) = preProject
		global.json = global.json
	EndProjectSection
EndProject
Project("{8BB2217D-0F2D-49D1-97BC-3654ED321F3B}") = "reactTest", "src\reactTest\reactTest.xproj", "{64923864-1D11-4ADC-BF15-319E4B04877B}"
EndProject
Global
	GlobalSection(SolutionConfigurationPlatforms) = preSolution
		Debug|Any CPU = Debug|Any CPU
		Release|Any CPU = Release|Any CPU
	EndGlobalSection
	GlobalSection(ProjectConfigurationPlatforms) = postSolution
		{64923864-1D11-4ADC-BF15-319E4B04877B}.Debug|Any CPU.ActiveCfg = Debug|Any CPU
		{64923864-1D11-4ADC-BF15-319E4B04877B}.Debug|Any CPU.Build.0 = Debug|Any CPU
		{64923864-1D11-4ADC-BF15-319E4B04877B}.Release|Any CPU.ActiveCfg = Release|Any CPU
		{64923864-1D11-4ADC-BF15-319E4B04877B}.Release|Any CPU.Build.0 = Release|Any CPU
	EndGlobalSection
	GlobalSection(SolutionProperties) = preSolution
		HideSolutionNode = FALSE
	EndGlobalSection
	GlobalSection(NestedProjects) = preSolution
		{64923864-1D11-4ADC-BF15-319E4B04877B} = {EA62FB3E-788E-4791-90AA-DE742250E4EF}
	EndGlobalSection
EndGlobal
